
Microsoft Visual Studio Solution File, Format Version 12.00
# Visual Studio Version 17
VisualStudioVersion = 17.5.2.0
MinimumVisualStudioVersion = 10.0.40219.1
Project("{FAE04EC0-301F-11D3-BF4B-00C04F79EFBC}") = "User", "User.csproj", "{BD926AE9-83D0-12C4-049D-CE01DED6571D}"
EndProject
Project("{FAE04EC0-301F-11D3-BF4B-00C04F79EFBC}") = "Admin", "Admin\Admin.csproj", "{A315F99C-037E-687F-5376-8EFA338F3D2E}"
EndProject
Project("{FAE04EC0-301F-11D3-BF4B-00C04F79EFBC}") = "Anzeigen", "Anzeigen\Anzeigen.csproj", "{5D7EDE5D-DE7D-5B1F-CF01-1685626EB6FB}"
EndProject
Project("{FAE04EC0-301F-11D3-BF4B-00C04F79EFBC}") = "casualUser", "casualUser\casualUser.csproj", "{E56FB9EC-2E73-D4A9-6079-F87EAE87F0FD}"
EndProject
Project("{FAE04EC0-301F-11D3-BF4B-00C04F79EFBC}") = "Name", "Name\Name.csproj", "{20DEF360-E1EE-3B02-602A-70811AD2C86E}"
EndProject
Project("{FAE04EC0-301F-11D3-BF4B-00C04F79EFBC}") = "Steuerung", "Steuerung\Steuerung.csproj", "{8C1D08DC-D086-5BBF-ADC4-DD3A4DD91589}"
EndProject
Project("{FAE04EC0-301F-11D3-BF4B-00C04F79EFBC}") = "Unicode Zeichen", "Unicode Zeichen\Unicode Zeichen.csproj", "{8760F165-9FE4-9C07-C7E7-EF736015569B}"
EndProject
Project("{FAE04EC0-301F-11D3-BF4B-00C04F79EFBC}") = "AI", "AI\AI.csproj", "{4B4EBB5E-4FF6-4763-85DF-287953624B0E}"
EndProject
Global
	GlobalSection(SolutionConfigurationPlatforms) = preSolution
		Debug|Any CPU = Debug|Any CPU
		Debug|x64 = Debug|x64
		Debug|x86 = Debug|x86
		Release|Any CPU = Release|Any CPU
		Release|x64 = Release|x64
		Release|x86 = Release|x86
	EndGlobalSection
	GlobalSection(ProjectConfigurationPlatforms) = postSolution
		{BD926AE9-83D0-12C4-049D-CE01DED6571D}.Debug|Any CPU.ActiveCfg = Debug|Any CPU
		{BD926AE9-83D0-12C4-049D-CE01DED6571D}.Debug|Any CPU.Build.0 = Debug|Any CPU
		{BD926AE9-83D0-12C4-049D-CE01DED6571D}.Debug|x64.ActiveCfg = Debug|Any CPU
		{BD926AE9-83D0-12C4-049D-CE01DED6571D}.Debug|x64.Build.0 = Debug|Any CPU
		{BD926AE9-83D0-12C4-049D-CE01DED6571D}.Debug|x86.ActiveCfg = Debug|Any CPU
		{BD926AE9-83D0-12C4-049D-CE01DED6571D}.Debug|x86.Build.0 = Debug|Any CPU
		{BD926AE9-83D0-12C4-049D-CE01DED6571D}.Release|Any CPU.ActiveCfg = Release|Any CPU
		{BD926AE9-83D0-12C4-049D-CE01DED6571D}.Release|Any CPU.Build.0 = Release|Any CPU
		{BD926AE9-83D0-12C4-049D-CE01DED6571D}.Release|x64.ActiveCfg = Release|Any CPU
		{BD926AE9-83D0-12C4-049D-CE01DED6571D}.Release|x64.Build.0 = Release|Any CPU
		{BD926AE9-83D0-12C4-049D-CE01DED6571D}.Release|x86.ActiveCfg = Release|Any CPU
		{BD926AE9-83D0-12C4-049D-CE01DED6571D}.Release|x86.Build.0 = Release|Any CPU
		{A315F99C-037E-687F-5376-8EFA338F3D2E}.Debug|Any CPU.ActiveCfg = Debug|Any CPU
		{A315F99C-037E-687F-5376-8EFA338F3D2E}.Debug|Any CPU.Build.0 = Debug|Any CPU
		{A315F99C-037E-687F-5376-8EFA338F3D2E}.Debug|x64.ActiveCfg = Debug|Any CPU
		{A315F99C-037E-687F-5376-8EFA338F3D2E}.Debug|x64.Build.0 = Debug|Any CPU
		{A315F99C-037E-687F-5376-8EFA338F3D2E}.Debug|x86.ActiveCfg = Debug|Any CPU
		{A315F99C-037E-687F-5376-8EFA338F3D2E}.Debug|x86.Build.0 = Debug|Any CPU
		{A315F99C-037E-687F-5376-8EFA338F3D2E}.Release|Any CPU.ActiveCfg = Release|Any CPU
		{A315F99C-037E-687F-5376-8EFA338F3D2E}.Release|Any CPU.Build.0 = Release|Any CPU
		{A315F99C-037E-687F-5376-8EFA338F3D2E}.Release|x64.ActiveCfg = Release|Any CPU
		{A315F99C-037E-687F-5376-8EFA338F3D2E}.Release|x64.Build.0 = Release|Any CPU
		{A315F99C-037E-687F-5376-8EFA338F3D2E}.Release|x86.ActiveCfg = Release|Any CPU
		{A315F99C-037E-687F-5376-8EFA338F3D2E}.Release|x86.Build.0 = Release|Any CPU
		{5D7EDE5D-DE7D-5B1F-CF01-1685626EB6FB}.Debug|Any CPU.ActiveCfg = Debug|Any CPU
		{5D7EDE5D-DE7D-5B1F-CF01-1685626EB6FB}.Debug|Any CPU.Build.0 = Debug|Any CPU
		{5D7EDE5D-DE7D-5B1F-CF01-1685626EB6FB}.Debug|x64.ActiveCfg = Debug|Any CPU
		{5D7EDE5D-DE7D-5B1F-CF01-1685626EB6FB}.Debug|x64.Build.0 = Debug|Any CPU
		{5D7EDE5D-DE7D-5B1F-CF01-1685626EB6FB}.Debug|x86.ActiveCfg = Debug|Any CPU
		{5D7EDE5D-DE7D-5B1F-CF01-1685626EB6FB}.Debug|x86.Build.0 = Debug|Any CPU
		{5D7EDE5D-DE7D-5B1F-CF01-1685626EB6FB}.Release|Any CPU.ActiveCfg = Release|Any CPU
		{5D7EDE5D-DE7D-5B1F-CF01-1685626EB6FB}.Release|Any CPU.Build.0 = Release|Any CPU
		{5D7EDE5D-DE7D-5B1F-CF01-1685626EB6FB}.Release|x64.ActiveCfg = Release|Any CPU
		{5D7EDE5D-DE7D-5B1F-CF01-1685626EB6FB}.Release|x64.Build.0 = Release|Any CPU
		{5D7EDE5D-DE7D-5B1F-CF01-1685626EB6FB}.Release|x86.ActiveCfg = Release|Any CPU
		{5D7EDE5D-DE7D-5B1F-CF01-1685626EB6FB}.Release|x86.Build.0 = Release|Any CPU
		{E56FB9EC-2E73-D4A9-6079-F87EAE87F0FD}.Debug|Any CPU.ActiveCfg = Debug|Any CPU
		{E56FB9EC-2E73-D4A9-6079-F87EAE87F0FD}.Debug|Any CPU.Build.0 = Debug|Any CPU
		{E56FB9EC-2E73-D4A9-6079-F87EAE87F0FD}.Debug|x64.ActiveCfg = Debug|Any CPU
		{E56FB9EC-2E73-D4A9-6079-F87EAE87F0FD}.Debug|x64.Build.0 = Debug|Any CPU
		{E56FB9EC-2E73-D4A9-6079-F87EAE87F0FD}.Debug|x86.ActiveCfg = Debug|Any CPU
		{E56FB9EC-2E73-D4A9-6079-F87EAE87F0FD}.Debug|x86.Build.0 = Debug|Any CPU
		{E56FB9EC-2E73-D4A9-6079-F87EAE87F0FD}.Release|Any CPU.ActiveCfg = Release|Any CPU
		{E56FB9EC-2E73-D4A9-6079-F87EAE87F0FD}.Release|Any CPU.Build.0 = Release|Any CPU
		{E56FB9EC-2E73-D4A9-6079-F87EAE87F0FD}.Release|x64.ActiveCfg = Release|Any CPU
		{E56FB9EC-2E73-D4A9-6079-F87EAE87F0FD}.Release|x64.Build.0 = Release|Any CPU
		{E56FB9EC-2E73-D4A9-6079-F87EAE87F0FD}.Release|x86.ActiveCfg = Release|Any CPU
		{E56FB9EC-2E73-D4A9-6079-F87EAE87F0FD}.Release|x86.Build.0 = Release|Any CPU
		{20DEF360-E1EE-3B02-602A-70811AD2C86E}.Debug|Any CPU.ActiveCfg = Debug|Any CPU
		{20DEF360-E1EE-3B02-602A-70811AD2C86E}.Debug|Any CPU.Build.0 = Debug|Any CPU
		{20DEF360-E1EE-3B02-602A-70811AD2C86E}.Debug|x64.ActiveCfg = Debug|Any CPU
		{20DEF360-E1EE-3B02-602A-70811AD2C86E}.Debug|x64.Build.0 = Debug|Any CPU
		{20DEF360-E1EE-3B02-602A-70811AD2C86E}.Debug|x86.ActiveCfg = Debug|Any CPU
		{20DEF360-E1EE-3B02-602A-70811AD2C86E}.Debug|x86.Build.0 = Debug|Any CPU
		{20DEF360-E1EE-3B02-602A-70811AD2C86E}.Release|Any CPU.ActiveCfg = Release|Any CPU
		{20DEF360-E1EE-3B02-602A-70811AD2C86E}.Release|Any CPU.Build.0 = Release|Any CPU
		{20DEF360-E1EE-3B02-602A-70811AD2C86E}.Release|x64.ActiveCfg = Release|Any CPU
		{20DEF360-E1EE-3B02-602A-70811AD2C86E}.Release|x64.Build.0 = Release|Any CPU
		{20DEF360-E1EE-3B02-602A-70811AD2C86E}.Release|x86.ActiveCfg = Release|Any CPU
		{20DEF360-E1EE-3B02-602A-70811AD2C86E}.Release|x86.Build.0 = Release|Any CPU
		{8C1D08DC-D086-5BBF-ADC4-DD3A4DD91589}.Debug|Any CPU.ActiveCfg = Debug|Any CPU
		{8C1D08DC-D086-5BBF-ADC4-DD3A4DD91589}.Debug|Any CPU.Build.0 = Debug|Any CPU
		{8C1D08DC-D086-5BBF-ADC4-DD3A4DD91589}.Debug|x64.ActiveCfg = Debug|Any CPU
		{8C1D08DC-D086-5BBF-ADC4-DD3A4DD91589}.Debug|x64.Build.0 = Debug|Any CPU
		{8C1D08DC-D086-5BBF-ADC4-DD3A4DD91589}.Debug|x86.ActiveCfg = Debug|Any CPU
		{8C1D08DC-D086-5BBF-ADC4-DD3A4DD91589}.Debug|x86.Build.0 = Debug|Any CPU
		{8C1D08DC-D086-5BBF-ADC4-DD3A4DD91589}.Release|Any CPU.ActiveCfg = Release|Any CPU
		{8C1D08DC-D086-5BBF-ADC4-DD3A4DD91589}.Release|Any CPU.Build.0 = Release|Any CPU
		{8C1D08DC-D086-5BBF-ADC4-DD3A4DD91589}.Release|x64.ActiveCfg = Release|Any CPU
		{8C1D08DC-D086-5BBF-ADC4-DD3A4DD91589}.Release|x64.Build.0 = Release|Any CPU
		{8C1D08DC-D086-5BBF-ADC4-DD3A4DD91589}.Release|x86.ActiveCfg = Release|Any CPU
		{8C1D08DC-D086-5BBF-ADC4-DD3A4DD91589}.Release|x86.Build.0 = Release|Any CPU
		{8760F165-9FE4-9C07-C7E7-EF736015569B}.Debug|Any CPU.ActiveCfg = Debug|Any CPU
		{8760F165-9FE4-9C07-C7E7-EF736015569B}.Debug|Any CPU.Build.0 = Debug|Any CPU
		{8760F165-9FE4-9C07-C7E7-EF736015569B}.Debug|x64.ActiveCfg = Debug|Any CPU
		{8760F165-9FE4-9C07-C7E7-EF736015569B}.Debug|x64.Build.0 = Debug|Any CPU
		{8760F165-9FE4-9C07-C7E7-EF736015569B}.Debug|x86.ActiveCfg = Debug|Any CPU
		{8760F165-9FE4-9C07-C7E7-EF736015569B}.Debug|x86.Build.0 = Debug|Any CPU
		{8760F165-9FE4-9C07-C7E7-EF736015569B}.Release|Any CPU.ActiveCfg = Release|Any CPU
		{8760F165-9FE4-9C07-C7E7-EF736015569B}.Release|Any CPU.Build.0 = Release|Any CPU
		{8760F165-9FE4-9C07-C7E7-EF736015569B}.Release|x64.ActiveCfg = Release|Any CPU
		{8760F165-9FE4-9C07-C7E7-EF736015569B}.Release|x64.Build.0 = Release|Any CPU
		{8760F165-9FE4-9C07-C7E7-EF736015569B}.Release|x86.ActiveCfg = Release|Any CPU
		{8760F165-9FE4-9C07-C7E7-EF736015569B}.Release|x86.Build.0 = Release|Any CPU
		{4B4EBB5E-4FF6-4763-85DF-287953624B0E}.Debug|Any CPU.ActiveCfg = Debug|Any CPU
		{4B4EBB5E-4FF6-4763-85DF-287953624B0E}.Debug|Any CPU.Build.0 = Debug|Any CPU
		{4B4EBB5E-4FF6-4763-85DF-287953624B0E}.Debug|x64.ActiveCfg = Debug|Any CPU
		{4B4EBB5E-4FF6-4763-85DF-287953624B0E}.Debug|x64.Build.0 = Debug|Any CPU
		{4B4EBB5E-4FF6-4763-85DF-287953624B0E}.Debug|x86.ActiveCfg = Debug|Any CPU
		{4B4EBB5E-4FF6-4763-85DF-287953624B0E}.Debug|x86.Build.0 = Debug|Any CPU
		{4B4EBB5E-4FF6-4763-85DF-287953624B0E}.Release|Any CPU.ActiveCfg = Release|Any CPU
		{4B4EBB5E-4FF6-4763-85DF-287953624B0E}.Release|Any CPU.Build.0 = Release|Any CPU
		{4B4EBB5E-4FF6-4763-85DF-287953624B0E}.Release|x64.ActiveCfg = Release|Any CPU
		{4B4EBB5E-4FF6-4763-85DF-287953624B0E}.Release|x64.Build.0 = Release|Any CPU
		{4B4EBB5E-4FF6-4763-85DF-287953624B0E}.Release|x86.ActiveCfg = Release|Any CPU
		{4B4EBB5E-4FF6-4763-85DF-287953624B0E}.Release|x86.Build.0 = Release|Any CPU
	EndGlobalSection
	GlobalSection(SolutionProperties) = preSolution
		HideSolutionNode = FALSE
	EndGlobalSection
	GlobalSection(ExtensibilityGlobals) = postSolution
		SolutionGuid = {606C5959-3B68-48B0-ABDC-17499F136618}
	EndGlobalSection
EndGlobal
